
Microsoft Visual Studio Solution File, Format Version 12.00
# Visual Studio Version 17
VisualStudioVersion = 17.4.33122.133
MinimumVisualStudioVersion = 10.0.40219.1
Project("{9A19103F-16F7-4668-BE54-9A1E7A4F7556}") = "SAESoft", "SAESoft\SAESoft.csproj", "{C6266855-97FC-47E9-A52A-39E135DC655A}"
EndProject
Global
	GlobalSection(SolutionConfigurationPlatforms) = preSolution
		Debug|Any CPU = Debug|Any CPU
		Release|Any CPU = Release|Any CPU
	EndGlobalSection
	GlobalSection(ProjectConfigurationPlatforms) = postSolution
		{C6266855-97FC-47E9-A52A-39E135DC655A}.Debug|Any CPU.ActiveCfg = Debug|Any CPU
		{C6266855-97FC-47E9-A52A-39E135DC655A}.Debug|Any CPU.Build.0 = Debug|Any CPU
		{C6266855-97FC-47E9-A52A-39E135DC655A}.Release|Any CPU.ActiveCfg = Release|Any CPU
		{C6266855-97FC-47E9-A52A-39E135DC655A}.Release|Any CPU.Build.0 = Release|Any CPU
	EndGlobalSection
	GlobalSection(SolutionProperties) = preSolution
		HideSolutionNode = FALSE
	EndGlobalSection
	GlobalSection(ExtensibilityGlobals) = postSolution
		SolutionGuid = {CD133DDC-239F-4818-8F29-738AAC9C3591}
	EndGlobalSection
EndGlobal
